{
  "name": "accion",
  "lockfileVersion": 3,
  "requires": true,
  "packages": {
    "": {
      "name": "accion",
      "workspaces": [
        "packages/*"
      ],
      "devDependencies": {
        "bun-types": "latest"
      },
      "peerDependencies": {
        "typescript": "^5.0.0"
      }
    },
    "node_modules/@accions/common": {
      "resolved": "packages/accion-common",
      "link": true
    },
    "node_modules/@jondotsoy/flags": {
      "version": "2.0.2",
      "license": "MIT"
    },
    "node_modules/@types/node": {
      "version": "20.10.6",
      "dev": true,
      "license": "MIT",
      "dependencies": {
        "undici-types": "~5.26.4"
      }
    },
    "node_modules/@types/node/node_modules/undici-types": {
      "version": "5.26.5",
      "dev": true,
      "license": "MIT"
    },
    "node_modules/@types/ws": {
      "version": "8.5.10",
      "dev": true,
      "license": "MIT",
      "dependencies": {
        "@types/node": "*"
      }
    },
    "node_modules/accion": {
      "resolved": "packages/core",
      "link": true
    },
    "node_modules/action-cli": {
      "resolved": "packages/cli",
      "link": true
    },
    "node_modules/bun-types": {
      "version": "1.0.21",
      "resolved": "https://registry.npmjs.org/bun-types/-/bun-types-1.0.21.tgz",
      "integrity": "sha512-Ugagjf+XZUXDvxDRa3EnhLeMzm2g8ZYFleBF55Ac3GZSzPqdMLAdK9kvZB6M1H4nAFvrEHdV2PHqkzIoNs+3wQ==",
      "dev": true,
      "dependencies": {
        "@types/node": "*",
        "@types/ws": "*",
        "undici-types": "^5.26.4"
      }
    },
    "node_modules/code-element": {
      "resolved": "packages/code-element",
      "link": true
    },
    "node_modules/typescript": {
      "version": "5.3.3",
      "license": "Apache-2.0",
      "peer": true,
      "bin": {
        "tsc": "bin/tsc",
        "tsserver": "bin/tsserver"
      },
      "engines": {
        "node": ">=14.17"
      }
    },
    "node_modules/undici-types": {
      "version": "5.28.2",
      "dev": true,
      "license": "MIT"
    },
    "node_modules/yaml": {
      "version": "2.3.4",
      "resolved": "https://registry.npmjs.org/yaml/-/yaml-2.3.4.tgz",
      "integrity": "sha512-8aAvwVUSHpfEqTQ4w/KMlf3HcRdt50E5ODIQJBw1fQ5RL34xabzxtUlzTXVqc4rkZsPbvrXKWnABCD7kWSmocA==",
      "dev": true,
      "engines": {
        "node": ">= 14"
      }
    },
    "packages/accion-common": {
      "name": "@accions/common",
      "version": "0.1.7",
      "devDependencies": {
        "bun-types": "latest"
      },
      "peerDependencies": {
        "typescript": "^5.0.0"
      }
    },
    "packages/cli": {
      "name": "action-cli",
      "version": "v0.1.0",
      "dependencies": {
        "@jondotsoy/flags": "^2.0.2"
      },
      "bin": {
        "action-cli": "dist/bin.js"
      },
      "devDependencies": {
        "bun-types": "latest"
      },
      "peerDependencies": {
        "typescript": "^5.0.0"
      }
    },
    "packages/code-element": {
      "devDependencies": {
        "bun-types": "latest"
      },
      "peerDependencies": {
        "typescript": "^5.0.0"
      }
    },
    "packages/core": {
      "name": "accion",
      "version": "0.1.13",
      "license": "MIT",
      "dependencies": {
        "@accions/common": "^0.1.5"
      },
      "devDependencies": {
        "bun-types": "^1.0.18",
        "yaml": "^2.3.4"
      },
      "peerDependencies": {
        "typescript": "^5.0.0"
      }
    }
  }
}
