{
  "name": "accion",
  "lockfileVersion": 3,
  "requires": true,
  "packages": {
    "": {
      "name": "accion",
      "workspaces": [
        "packages/*"
      ],
      "devDependencies": {
        "bun-types": "latest"
      },
      "peerDependencies": {
        "typescript": "^5.0.0"
      }
    },
    "node_modules/accion": {
      "resolved": "packages/core",
      "link": true
    },
    "node_modules/bun-types": {
      "version": "1.0.18",
      "resolved": "https://registry.npmjs.org/bun-types/-/bun-types-1.0.18.tgz",
      "integrity": "sha512-1XZ7AxOF8oO8FZtw1xj006JAKxEjulK3dUhsktZVN95vXBlsf4NIjQxfistVdpt24v3H2I9BwHp+UU+gXSSpAw==",
      "dev": true
    },
    "node_modules/cli": {
      "resolved": "packages/cli",
      "link": true
    },
    "node_modules/debug": {
      "version": "4.3.4",
      "license": "MIT",
      "dependencies": {
        "ms": "2.1.2"
      },
      "engines": {
        "node": ">=6.0"
      },
      "peerDependenciesMeta": {
        "supports-color": {
          "optional": true
        }
      }
    },
    "node_modules/ms": {
      "version": "2.1.2",
      "license": "MIT"
    },
    "node_modules/sample-nodejs-mjs": {
      "resolved": "packages/sample-nodejs-mjs",
      "link": true
    },
    "node_modules/typescript": {
      "version": "5.3.3",
      "license": "Apache-2.0",
      "peer": true,
      "bin": {
        "tsc": "bin/tsc",
        "tsserver": "bin/tsserver"
      },
      "engines": {
        "node": ">=14.17"
      }
    },
    "packages/cli": {
      "devDependencies": {
        "bun-types": "latest"
      },
      "peerDependencies": {
        "typescript": "^5.0.0"
      }
    },
    "packages/core": {
      "name": "accion",
      "version": "v0.1.3",
      "license": "MIT",
      "dependencies": {
        "debug": "^4.3.4"
      },
      "devDependencies": {
        "bun-types": "^1.0.18"
      },
      "peerDependencies": {
        "typescript": "^5.0.0"
      }
    },
    "packages/sample-nodejs-mjs": {
      "version": "1.0.0",
      "license": "ISC",
      "dependencies": {
        "accion": "file:../core/accion-v0.1.3.tgz"
      }
    },
    "packages/sample-nodejs-mjs/node_modules/accion": {
      "version": "v0.1.3",
      "resolved": "file:packages/core/accion-v0.1.3.tgz",
      "integrity": "sha512-16jOPI9d9HU+rfXYu4fjtVXuC9hFtqMTXSr3dCTRaVFLloG/lSbd35qZ3dPgyNBS76dk8tla2VS9l3rJ22j9Rg==",
      "license": "MIT",
      "dependencies": {
        "debug": "^4.3.4"
      },
      "peerDependencies": {
        "typescript": "^5.0.0"
      }
    }
  }
}
