{
  "name": "sample-nodejs-mjs",
  "version": "1.0.0",
  "lockfileVersion": 3,
  "requires": true,
  "packages": {
    "": {
      "name": "sample-nodejs-mjs",
      "version": "1.0.0",
      "license": "ISC",
      "dependencies": {
        "accion": "^0.1.14"
      }
    },
    "node_modules/@accions/common": {
      "version": "0.1.7",
      "resolved": "https://registry.npmjs.org/@accions/common/-/common-0.1.7.tgz",
      "integrity": "sha512-bTZujW9F38IQEoIQjqHSuLdaf8JsOLYFZpLLgI9PIuE8XkWLSP/EvZIeHJfT02MlduUjaO7z7HkkJAUfWt5+zg==",
      "peerDependencies": {
        "typescript": "^5.0.0"
      }
    },
    "node_modules/accion": {
      "version": "0.1.14",
      "resolved": "https://registry.npmjs.org/accion/-/accion-0.1.14.tgz",
      "integrity": "sha512-G8u2U26qIQK2lVZC+8dubhrfCUPB6uRVVOKecSNZTCj0UHeIjKU2py/fIKuwUPY7qptwDCRy9PbbRFVK/XU6GQ==",
      "dependencies": {
        "@accions/common": "^0.1.5"
      },
      "peerDependencies": {
        "typescript": "^5.0.0"
      }
    },
    "node_modules/typescript": {
      "version": "5.3.3",
      "resolved": "https://registry.npmjs.org/typescript/-/typescript-5.3.3.tgz",
      "integrity": "sha512-pXWcraxM0uxAS+tN0AG/BF2TyqmHO014Z070UsJ+pFvYuRSq8KH8DmWpnbXe0pEPDHXZV3FcAbJkijJ5oNEnWw==",
      "peer": true,
      "bin": {
        "tsc": "bin/tsc",
        "tsserver": "bin/tsserver"
      },
      "engines": {
        "node": ">=14.17"
      }
    }
  }
}
